
Microsoft Visual Studio Solution File, Format Version 12.00
# Visual Studio Version 16
VisualStudioVersion = 16.0.28922.388
MinimumVisualStudioVersion = 10.0.40219.1
Project("{FAE04EC0-301F-11D3-BF4B-00C04F79EFBC}") = "database", "database\database.csproj", "{291E25E6-5E3E-483B-B61D-BF04119A4F7D}"
EndProject
Global
	GlobalSection(SolutionConfigurationPlatforms) = preSolution
		Debug|Any CPU = Debug|Any CPU
		Release|Any CPU = Release|Any CPU
	EndGlobalSection
	GlobalSection(ProjectConfigurationPlatforms) = postSolution
		{291E25E6-5E3E-483B-B61D-BF04119A4F7D}.Debug|Any CPU.ActiveCfg = Debug|Any CPU
		{291E25E6-5E3E-483B-B61D-BF04119A4F7D}.Debug|Any CPU.Build.0 = Debug|Any CPU
		{291E25E6-5E3E-483B-B61D-BF04119A4F7D}.Release|Any CPU.ActiveCfg = Release|Any CPU
		{291E25E6-5E3E-483B-B61D-BF04119A4F7D}.Release|Any CPU.Build.0 = Release|Any CPU
	EndGlobalSection
	GlobalSection(SolutionProperties) = preSolution
		HideSolutionNode = FALSE
	EndGlobalSection
	GlobalSection(ExtensibilityGlobals) = postSolution
		SolutionGuid = {1BA8271E-6D3A-43CB-A8BD-301FDE67BEA9}
	EndGlobalSection
EndGlobal
